
Microsoft Visual Studio Solution File, Format Version 12.00
# Visual Studio Version 17
VisualStudioVersion = 17.13.35828.75 d17.13
MinimumVisualStudioVersion = 10.0.40219.1
Project("{FAE04EC0-301F-11D3-BF4B-00C04F79EFBC}") = "01_Processes", "01_Processes\01_Processes.csproj", "{C3DB65B6-E65A-4848-ACBF-0C32DB0D94A7}"
EndProject
Project("{FAE04EC0-301F-11D3-BF4B-00C04F79EFBC}") = "01_TaskManager", "01_TaskManager\01_TaskManager.csproj", "{6F9AF5A8-F713-424B-A59A-456FBC353D91}"
EndProject
Project("{FAE04EC0-301F-11D3-BF4B-00C04F79EFBC}") = "01_GetArguments", "01_GetArguments\01_GetArguments.csproj", "{F829F5A0-F742-4323-A1E5-70E325FED296}"
EndProject
Project("{FAE04EC0-301F-11D3-BF4B-00C04F79EFBC}") = "01_task1", "01_task1\01_task1.csproj", "{3B70AD25-BB5A-4FEF-B51E-F5A98701F711}"
EndProject
Project("{FAE04EC0-301F-11D3-BF4B-00C04F79EFBC}") = "01_task2", "01_task2\01_task2.csproj", "{B652B900-9789-46E1-A7AE-0CCED30FA08C}"
EndProject
Global
	GlobalSection(SolutionConfigurationPlatforms) = preSolution
		Debug|Any CPU = Debug|Any CPU
		Release|Any CPU = Release|Any CPU
	EndGlobalSection
	GlobalSection(ProjectConfigurationPlatforms) = postSolution
		{C3DB65B6-E65A-4848-ACBF-0C32DB0D94A7}.Debug|Any CPU.ActiveCfg = Debug|Any CPU
		{C3DB65B6-E65A-4848-ACBF-0C32DB0D94A7}.Debug|Any CPU.Build.0 = Debug|Any CPU
		{C3DB65B6-E65A-4848-ACBF-0C32DB0D94A7}.Release|Any CPU.ActiveCfg = Release|Any CPU
		{C3DB65B6-E65A-4848-ACBF-0C32DB0D94A7}.Release|Any CPU.Build.0 = Release|Any CPU
		{6F9AF5A8-F713-424B-A59A-456FBC353D91}.Debug|Any CPU.ActiveCfg = Debug|Any CPU
		{6F9AF5A8-F713-424B-A59A-456FBC353D91}.Debug|Any CPU.Build.0 = Debug|Any CPU
		{6F9AF5A8-F713-424B-A59A-456FBC353D91}.Release|Any CPU.ActiveCfg = Release|Any CPU
		{6F9AF5A8-F713-424B-A59A-456FBC353D91}.Release|Any CPU.Build.0 = Release|Any CPU
		{F829F5A0-F742-4323-A1E5-70E325FED296}.Debug|Any CPU.ActiveCfg = Debug|Any CPU
		{F829F5A0-F742-4323-A1E5-70E325FED296}.Debug|Any CPU.Build.0 = Debug|Any CPU
		{F829F5A0-F742-4323-A1E5-70E325FED296}.Release|Any CPU.ActiveCfg = Release|Any CPU
		{F829F5A0-F742-4323-A1E5-70E325FED296}.Release|Any CPU.Build.0 = Release|Any CPU
		{3B70AD25-BB5A-4FEF-B51E-F5A98701F711}.Debug|Any CPU.ActiveCfg = Debug|Any CPU
		{3B70AD25-BB5A-4FEF-B51E-F5A98701F711}.Debug|Any CPU.Build.0 = Debug|Any CPU
		{3B70AD25-BB5A-4FEF-B51E-F5A98701F711}.Release|Any CPU.ActiveCfg = Release|Any CPU
		{3B70AD25-BB5A-4FEF-B51E-F5A98701F711}.Release|Any CPU.Build.0 = Release|Any CPU
		{B652B900-9789-46E1-A7AE-0CCED30FA08C}.Debug|Any CPU.ActiveCfg = Debug|Any CPU
		{B652B900-9789-46E1-A7AE-0CCED30FA08C}.Debug|Any CPU.Build.0 = Debug|Any CPU
		{B652B900-9789-46E1-A7AE-0CCED30FA08C}.Release|Any CPU.ActiveCfg = Release|Any CPU
		{B652B900-9789-46E1-A7AE-0CCED30FA08C}.Release|Any CPU.Build.0 = Release|Any CPU
	EndGlobalSection
	GlobalSection(SolutionProperties) = preSolution
		HideSolutionNode = FALSE
	EndGlobalSection
	GlobalSection(ExtensibilityGlobals) = postSolution
		SolutionGuid = {E7F0BA6E-248F-47AC-ADD7-F9E5B290978B}
	EndGlobalSection
EndGlobal
