
Microsoft Visual Studio Solution File, Format Version 12.00
# Visual Studio Version 17
VisualStudioVersion = 17.13.35828.75 d17.13
MinimumVisualStudioVersion = 10.0.40219.1
Project("{FAE04EC0-301F-11D3-BF4B-00C04F79EFBC}") = "08_TestDapper", "08_TestDapper\08_TestDapper.csproj", "{8A09B0E2-1C7D-429C-AD4B-509DD3A97C5D}"
EndProject
Global
	GlobalSection(SolutionConfigurationPlatforms) = preSolution
		Debug|Any CPU = Debug|Any CPU
		Release|Any CPU = Release|Any CPU
	EndGlobalSection
	GlobalSection(ProjectConfigurationPlatforms) = postSolution
		{8A09B0E2-1C7D-429C-AD4B-509DD3A97C5D}.Debug|Any CPU.ActiveCfg = Debug|Any CPU
		{8A09B0E2-1C7D-429C-AD4B-509DD3A97C5D}.Debug|Any CPU.Build.0 = Debug|Any CPU
		{8A09B0E2-1C7D-429C-AD4B-509DD3A97C5D}.Release|Any CPU.ActiveCfg = Release|Any CPU
		{8A09B0E2-1C7D-429C-AD4B-509DD3A97C5D}.Release|Any CPU.Build.0 = Release|Any CPU
	EndGlobalSection
	GlobalSection(SolutionProperties) = preSolution
		HideSolutionNode = FALSE
	EndGlobalSection
	GlobalSection(ExtensibilityGlobals) = postSolution
		SolutionGuid = {807DCF03-CF40-42DC-AF97-480483B83B37}
	EndGlobalSection
EndGlobal
